// !$*UTF8*$!
{
	archiveVersion = 1;
	classes = {
	};
	objectVersion = 46;
	objects = {

/* Begin PBXBuildFile section */
		62E84AC718EE293D000972BC /* Foundation.framework in Frameworks */ = {isa = PBXBuildFile; fileRef = 62E84AC618EE293D000972BC /* Foundation.framework */; };
		62E84AC918EE293D000972BC /* CoreGraphics.framework in Frameworks */ = {isa = PBXBuildFile; fileRef = 62E84AC818EE293D000972BC /* CoreGraphics.framework */; };
		62E84ACB18EE293D000972BC /* UIKit.framework in Frameworks */ = {isa = PBXBuildFile; fileRef = 62E84ACA18EE293D000972BC /* UIKit.framework */; };
		62E84AD118EE293E000972BC /* InfoPlist.strings in Resources */ = {isa = PBXBuildFile; fileRef = 62E84ACF18EE293E000972BC /* InfoPlist.strings */; };
		62E84AD318EE293E000972BC /* main.m in Sources */ = {isa = PBXBuildFile; fileRef = 62E84AD218EE293E000972BC /* main.m */; };
		62E84AD718EE293F000972BC /* ADAppDelegate.m in Sources */ = {isa = PBXBuildFile; fileRef = 62E84AD618EE293F000972BC /* ADAppDelegate.m */; };
		62E84ADA18EE293F000972BC /* Main.storyboard in Resources */ = {isa = PBXBuildFile; fileRef = 62E84AD818EE293F000972BC /* Main.storyboard */; };
		62E84ADD18EE293F000972BC /* ADViewController.m in Sources */ = {isa = PBXBuildFile; fileRef = 62E84ADC18EE293F000972BC /* ADViewController.m */; };
		62E84ADF18EE293F000972BC /* Images.xcassets in Resources */ = {isa = PBXBuildFile; fileRef = 62E84ADE18EE293F000972BC /* Images.xcassets */; };
		62E84AE618EE293F000972BC /* XCTest.framework in Frameworks */ = {isa = PBXBuildFile; fileRef = 62E84AE518EE293F000972BC /* XCTest.framework */; };
		62E84AE718EE293F000972BC /* Foundation.framework in Frameworks */ = {isa = PBXBuildFile; fileRef = 62E84AC618EE293D000972BC /* Foundation.framework */; };
		62E84AE818EE293F000972BC /* UIKit.framework in Frameworks */ = {isa = PBXBuildFile; fileRef = 62E84ACA18EE293D000972BC /* UIKit.framework */; };
		62E84AF018EE293F000972BC /* InfoPlist.strings in Resources */ = {isa = PBXBuildFile; fileRef = 62E84AEE18EE293F000972BC /* InfoPlist.strings */; };
		62E84AF218EE293F000972BC /* OverdueTests.m in Sources */ = {isa = PBXBuildFile; fileRef = 62E84AF118EE293F000972BC /* OverdueTests.m */; };
		62E84AFD18EE2A1E000972BC /* ADAddTaskViewController.m in Sources */ = {isa = PBXBuildFile; fileRef = 62E84AFC18EE2A1E000972BC /* ADAddTaskViewController.m */; };
		62E84B0018EE2A62000972BC /* ADDetailTaskViewViewController.m in Sources */ = {isa = PBXBuildFile; fileRef = 62E84AFF18EE2A62000972BC /* ADDetailTaskViewViewController.m */; };
		62E84B0318EE2A73000972BC /* ADEditTaskViewController.m in Sources */ = {isa = PBXBuildFile; fileRef = 62E84B0218EE2A73000972BC /* ADEditTaskViewController.m */; };
/* End PBXBuildFile section */

/* Begin PBXContainerItemProxy section */
		62E84AE918EE293F000972BC /* PBXContainerItemProxy */ = {
			isa = PBXContainerItemProxy;
			containerPortal = 62E84ABB18EE293D000972BC /* Project object */;
			proxyType = 1;
			remoteGlobalIDString = 62E84AC218EE293D000972BC;
			remoteInfo = Overdue;
		};
/* End PBXContainerItemProxy section */

/* Begin PBXFileReference section */
		62E84AC318EE293D000972BC /* Overdue.app */ = {isa = PBXFileReference; explicitFileType = wrapper.application; includeInIndex = 0; path = Overdue.app; sourceTree = BUILT_PRODUCTS_DIR; };
		62E84AC618EE293D000972BC /* Foundation.framework */ = {isa = PBXFileReference; lastKnownFileType = wrapper.framework; name = Foundation.framework; path = System/Library/Frameworks/Foundation.framework; sourceTree = SDKROOT; };
		62E84AC818EE293D000972BC /* CoreGraphics.framework */ = {isa = PBXFileReference; lastKnownFileType = wrapper.framework; name = CoreGraphics.framework; path = System/Library/Frameworks/CoreGraphics.framework; sourceTree = SDKROOT; };
		62E84ACA18EE293D000972BC /* UIKit.framework */ = {isa = PBXFileReference; lastKnownFileType = wrapper.framework; name = UIKit.framework; path = System/Library/Frameworks/UIKit.framework; sourceTree = SDKROOT; };
		62E84ACE18EE293D000972BC /* Overdue-Info.plist */ = {isa = PBXFileReference; lastKnownFileType = text.plist.xml; path = "Overdue-Info.plist"; sourceTree = "<group>"; };
		62E84AD018EE293E000972BC /* en */ = {isa = PBXFileReference; lastKnownFileType = text.plist.strings; name = en; path = en.lproj/InfoPlist.strings; sourceTree = "<group>"; };
		62E84AD218EE293E000972BC /* main.m */ = {isa = PBXFileReference; lastKnownFileType = sourcecode.c.objc; path = main.m; sourceTree = "<group>"; };
		62E84AD418EE293F000972BC /* Overdue-Prefix.pch */ = {isa = PBXFileReference; lastKnownFileType = sourcecode.c.h; path = "Overdue-Prefix.pch"; sourceTree = "<group>"; };
		62E84AD518EE293F000972BC /* ADAppDelegate.h */ = {isa = PBXFileReference; lastKnownFileType = sourcecode.c.h; path = ADAppDelegate.h; sourceTree = "<group>"; };
		62E84AD618EE293F000972BC /* ADAppDelegate.m */ = {isa = PBXFileReference; lastKnownFileType = sourcecode.c.objc; path = ADAppDelegate.m; sourceTree = "<group>"; };
		62E84AD918EE293F000972BC /* Base */ = {isa = PBXFileReference; lastKnownFileType = file.storyboard; name = Base; path = Base.lproj/Main.storyboard; sourceTree = "<group>"; };
		62E84ADB18EE293F000972BC /* ADViewController.h */ = {isa = PBXFileReference; lastKnownFileType = sourcecode.c.h; path = ADViewController.h; sourceTree = "<group>"; };
		62E84ADC18EE293F000972BC /* ADViewController.m */ = {isa = PBXFileReference; lastKnownFileType = sourcecode.c.objc; path = ADViewController.m; sourceTree = "<group>"; };
		62E84ADE18EE293F000972BC /* Images.xcassets */ = {isa = PBXFileReference; lastKnownFileType = folder.assetcatalog; path = Images.xcassets; sourceTree = "<group>"; };
		62E84AE418EE293F000972BC /* OverdueTests.xctest */ = {isa = PBXFileReference; explicitFileType = wrapper.cfbundle; includeInIndex = 0; path = OverdueTests.xctest; sourceTree = BUILT_PRODUCTS_DIR; };
		62E84AE518EE293F000972BC /* XCTest.framework */ = {isa = PBXFileReference; lastKnownFileType = wrapper.framework; name = XCTest.framework; path = Library/Frameworks/XCTest.framework; sourceTree = DEVELOPER_DIR; };
		62E84AED18EE293F000972BC /* OverdueTests-Info.plist */ = {isa = PBXFileReference; lastKnownFileType = text.plist.xml; path = "OverdueTests-Info.plist"; sourceTree = "<group>"; };
		62E84AEF18EE293F000972BC /* en */ = {isa = PBXFileReference; lastKnownFileType = text.plist.strings; name = en; path = en.lproj/InfoPlist.strings; sourceTree = "<group>"; };
		62E84AF118EE293F000972BC /* OverdueTests.m */ = {isa = PBXFileReference; lastKnownFileType = sourcecode.c.objc; path = OverdueTests.m; sourceTree = "<group>"; };
		62E84AFB18EE2A1E000972BC /* ADAddTaskViewController.h */ = {isa = PBXFileReference; fileEncoding = 4; lastKnownFileType = sourcecode.c.h; path = ADAddTaskViewController.h; sourceTree = "<group>"; };
		62E84AFC18EE2A1E000972BC /* ADAddTaskViewController.m */ = {isa = PBXFileReference; fileEncoding = 4; lastKnownFileType = sourcecode.c.objc; path = ADAddTaskViewController.m; sourceTree = "<group>"; };
		62E84AFE18EE2A62000972BC /* ADDetailTaskViewViewController.h */ = {isa = PBXFileReference; fileEncoding = 4; lastKnownFileType = sourcecode.c.h; path = ADDetailTaskViewViewController.h; sourceTree = "<group>"; };
		62E84AFF18EE2A62000972BC /* ADDetailTaskViewViewController.m */ = {isa = PBXFileReference; fileEncoding = 4; lastKnownFileType = sourcecode.c.objc; path = ADDetailTaskViewViewController.m; sourceTree = "<group>"; };
		62E84B0118EE2A73000972BC /* ADEditTaskViewController.h */ = {isa = PBXFileReference; fileEncoding = 4; lastKnownFileType = sourcecode.c.h; path = ADEditTaskViewController.h; sourceTree = "<group>"; };
		62E84B0218EE2A73000972BC /* ADEditTaskViewController.m */ = {isa = PBXFileReference; fileEncoding = 4; lastKnownFileType = sourcecode.c.objc; path = ADEditTaskViewController.m; sourceTree = "<group>"; };
/* End PBXFileReference section */

/* Begin PBXFrameworksBuildPhase section */
		62E84AC018EE293D000972BC /* Frameworks */ = {
			isa = PBXFrameworksBuildPhase;
			buildActionMask = 2147483647;
			files = (
				62E84AC918EE293D000972BC /* CoreGraphics.framework in Frameworks */,
				62E84ACB18EE293D000972BC /* UIKit.framework in Frameworks */,
				62E84AC718EE293D000972BC /* Foundation.framework in Frameworks */,
			);
			runOnlyForDeploymentPostprocessing = 0;
		};
		62E84AE118EE293F000972BC /* Frameworks */ = {
			isa = PBXFrameworksBuildPhase;
			buildActionMask = 2147483647;
			files = (
				62E84AE618EE293F000972BC /* XCTest.framework in Frameworks */,
				62E84AE818EE293F000972BC /* UIKit.framework in Frameworks */,
				62E84AE718EE293F000972BC /* Foundation.framework in Frameworks */,
			);
			runOnlyForDeploymentPostprocessing = 0;
		};
/* End PBXFrameworksBuildPhase section */

/* Begin PBXGroup section */
		62E84ABA18EE293D000972BC = {
			isa = PBXGroup;
			children = (
				62E84ACC18EE293D000972BC /* Overdue */,
				62E84AEB18EE293F000972BC /* OverdueTests */,
				62E84AC518EE293D000972BC /* Frameworks */,
				62E84AC418EE293D000972BC /* Products */,
			);
			sourceTree = "<group>";
		};
		62E84AC418EE293D000972BC /* Products */ = {
			isa = PBXGroup;
			children = (
				62E84AC318EE293D000972BC /* Overdue.app */,
				62E84AE418EE293F000972BC /* OverdueTests.xctest */,
			);
			name = Products;
			sourceTree = "<group>";
		};
		62E84AC518EE293D000972BC /* Frameworks */ = {
			isa = PBXGroup;
			children = (
				62E84AC618EE293D000972BC /* Foundation.framework */,
				62E84AC818EE293D000972BC /* CoreGraphics.framework */,
				62E84ACA18EE293D000972BC /* UIKit.framework */,
				62E84AE518EE293F000972BC /* XCTest.framework */,
			);
			name = Frameworks;
			sourceTree = "<group>";
		};
		62E84ACC18EE293D000972BC /* Overdue */ = {
			isa = PBXGroup;
			children = (
				62E84AD518EE293F000972BC /* ADAppDelegate.h */,
				62E84AD618EE293F000972BC /* ADAppDelegate.m */,
				62E84AD818EE293F000972BC /* Main.storyboard */,
				62E84B0118EE2A73000972BC /* ADEditTaskViewController.h */,
				62E84B0218EE2A73000972BC /* ADEditTaskViewController.m */,
				62E84AFE18EE2A62000972BC /* ADDetailTaskViewViewController.h */,
				62E84AFF18EE2A62000972BC /* ADDetailTaskViewViewController.m */,
				62E84ADB18EE293F000972BC /* ADViewController.h */,
				62E84ADC18EE293F000972BC /* ADViewController.m */,
				62E84AFB18EE2A1E000972BC /* ADAddTaskViewController.h */,
				62E84AFC18EE2A1E000972BC /* ADAddTaskViewController.m */,
				62E84ADE18EE293F000972BC /* Images.xcassets */,
				62E84ACD18EE293D000972BC /* Supporting Files */,
			);
			path = Overdue;
			sourceTree = "<group>";
		};
		62E84ACD18EE293D000972BC /* Supporting Files */ = {
			isa = PBXGroup;
			children = (
				62E84ACE18EE293D000972BC /* Overdue-Info.plist */,
				62E84ACF18EE293E000972BC /* InfoPlist.strings */,
				62E84AD218EE293E000972BC /* main.m */,
				62E84AD418EE293F000972BC /* Overdue-Prefix.pch */,
			);
			name = "Supporting Files";
			sourceTree = "<group>";
		};
		62E84AEB18EE293F000972BC /* OverdueTests */ = {
			isa = PBXGroup;
			children = (
				62E84AF118EE293F000972BC /* OverdueTests.m */,
				62E84AEC18EE293F000972BC /* Supporting Files */,
			);
			path = OverdueTests;
			sourceTree = "<group>";
		};
		62E84AEC18EE293F000972BC /* Supporting Files */ = {
			isa = PBXGroup;
			children = (
				62E84AED18EE293F000972BC /* OverdueTests-Info.plist */,
				62E84AEE18EE293F000972BC /* InfoPlist.strings */,
			);
			name = "Supporting Files";
			sourceTree = "<group>";
		};
/* End PBXGroup section */

/* Begin PBXNativeTarget section */
		62E84AC218EE293D000972BC /* Overdue */ = {
			isa = PBXNativeTarget;
			buildConfigurationList = 62E84AF518EE293F000972BC /* Build configuration list for PBXNativeTarget "Overdue" */;
			buildPhases = (
				62E84ABF18EE293D000972BC /* Sources */,
				62E84AC018EE293D000972BC /* Frameworks */,
				62E84AC118EE293D000972BC /* Resources */,
			);
			buildRules = (
			);
			dependencies = (
			);
			name = Overdue;
			productName = Overdue;
			productReference = 62E84AC318EE293D000972BC /* Overdue.app */;
			productType = "com.apple.product-type.application";
		};
		62E84AE318EE293F000972BC /* OverdueTests */ = {
			isa = PBXNativeTarget;
			buildConfigurationList = 62E84AF818EE293F000972BC /* Build configuration list for PBXNativeTarget "OverdueTests" */;
			buildPhases = (
				62E84AE018EE293F000972BC /* Sources */,
				62E84AE118EE293F000972BC /* Frameworks */,
				62E84AE218EE293F000972BC /* Resources */,
			);
			buildRules = (
			);
			dependencies = (
				62E84AEA18EE293F000972BC /* PBXTargetDependency */,
			);
			name = OverdueTests;
			productName = OverdueTests;
			productReference = 62E84AE418EE293F000972BC /* OverdueTests.xctest */;
			productType = "com.apple.product-type.bundle.unit-test";
		};
/* End PBXNativeTarget section */

/* Begin PBXProject section */
		62E84ABB18EE293D000972BC /* Project object */ = {
			isa = PBXProject;
			attributes = {
				CLASSPREFIX = AD;
				LastUpgradeCheck = 0510;
				ORGANIZATIONNAME = "Angeleah Daidone";
				TargetAttributes = {
					62E84AE318EE293F000972BC = {
						TestTargetID = 62E84AC218EE293D000972BC;
					};
				};
			};
			buildConfigurationList = 62E84ABE18EE293D000972BC /* Build configuration list for PBXProject "Overdue" */;
			compatibilityVersion = "Xcode 3.2";
			developmentRegion = English;
			hasScannedForEncodings = 0;
			knownRegions = (
				en,
				Base,
			);
			mainGroup = 62E84ABA18EE293D000972BC;
			productRefGroup = 62E84AC418EE293D000972BC /* Products */;
			projectDirPath = "";
			projectRoot = "";
			targets = (
				62E84AC218EE293D000972BC /* Overdue */,
				62E84AE318EE293F000972BC /* OverdueTests */,
			);
		};
/* End PBXProject section */

/* Begin PBXResourcesBuildPhase section */
		62E84AC118EE293D000972BC /* Resources */ = {
			isa = PBXResourcesBuildPhase;
			buildActionMask = 2147483647;
			files = (
				62E84ADF18EE293F000972BC /* Images.xcassets in Resources */,
				62E84AD118EE293E000972BC /* InfoPlist.strings in Resources */,
				62E84ADA18EE293F000972BC /* Main.storyboard in Resources */,
			);
			runOnlyForDeploymentPostprocessing = 0;
		};
		62E84AE218EE293F000972BC /* Resources */ = {
			isa = PBXResourcesBuildPhase;
			buildActionMask = 2147483647;
			files = (
				62E84AF018EE293F000972BC /* InfoPlist.strings in Resources */,
			);
			runOnlyForDeploymentPostprocessing = 0;
		};
/* End PBXResourcesBuildPhase section */

/* Begin PBXSourcesBuildPhase section */
		62E84ABF18EE293D000972BC /* Sources */ = {
			isa = PBXSourcesBuildPhase;
			buildActionMask = 2147483647;
			files = (
				62E84AFD18EE2A1E000972BC /* ADAddTaskViewController.m in Sources */,
				62E84B0018EE2A62000972BC /* ADDetailTaskViewViewController.m in Sources */,
				62E84AD318EE293E000972BC /* main.m in Sources */,
				62E84ADD18EE293F000972BC /* ADViewController.m in Sources */,
				62E84B0318EE2A73000972BC /* ADEditTaskViewController.m in Sources */,
				62E84AD718EE293F000972BC /* ADAppDelegate.m in Sources */,
			);
			runOnlyForDeploymentPostprocessing = 0;
		};
		62E84AE018EE293F000972BC /* Sources */ = {
			isa = PBXSourcesBuildPhase;
			buildActionMask = 2147483647;
			files = (
				62E84AF218EE293F000972BC /* OverdueTests.m in Sources */,
			);
			runOnlyForDeploymentPostprocessing = 0;
		};
/* End PBXSourcesBuildPhase section */

/* Begin PBXTargetDependency section */
		62E84AEA18EE293F000972BC /* PBXTargetDependency */ = {
			isa = PBXTargetDependency;
			target = 62E84AC218EE293D000972BC /* Overdue */;
			targetProxy = 62E84AE918EE293F000972BC /* PBXContainerItemProxy */;
		};
/* End PBXTargetDependency section */

/* Begin PBXVariantGroup section */
		62E84ACF18EE293E000972BC /* InfoPlist.strings */ = {
			isa = PBXVariantGroup;
			children = (
				62E84AD018EE293E000972BC /* en */,
			);
			name = InfoPlist.strings;
			sourceTree = "<group>";
		};
		62E84AD818EE293F000972BC /* Main.storyboard */ = {
			isa = PBXVariantGroup;
			children = (
				62E84AD918EE293F000972BC /* Base */,
			);
			name = Main.storyboard;
			sourceTree = "<group>";
		};
		62E84AEE18EE293F000972BC /* InfoPlist.strings */ = {
			isa = PBXVariantGroup;
			children = (
				62E84AEF18EE293F000972BC /* en */,
			);
			name = InfoPlist.strings;
			sourceTree = "<group>";
		};
/* End PBXVariantGroup section */

/* Begin XCBuildConfiguration section */
		62E84AF318EE293F000972BC /* Debug */ = {
			isa = XCBuildConfiguration;
			buildSettings = {
				ALWAYS_SEARCH_USER_PATHS = NO;
				CLANG_CXX_LANGUAGE_STANDARD = "gnu++0x";
				CLANG_CXX_LIBRARY = "libc++";
				CLANG_ENABLE_MODULES = YES;
				CLANG_ENABLE_OBJC_ARC = YES;
				CLANG_WARN_BOOL_CONVERSION = YES;
				CLANG_WARN_CONSTANT_CONVERSION = YES;
				CLANG_WARN_DIRECT_OBJC_ISA_USAGE = YES_ERROR;
				CLANG_WARN_EMPTY_BODY = YES;
				CLANG_WARN_ENUM_CONVERSION = YES;
				CLANG_WARN_INT_CONVERSION = YES;
				CLANG_WARN_OBJC_ROOT_CLASS = YES_ERROR;
				CLANG_WARN__DUPLICATE_METHOD_MATCH = YES;
				"CODE_SIGN_IDENTITY[sdk=iphoneos*]" = "iPhone Developer";
				COPY_PHASE_STRIP = NO;
				GCC_C_LANGUAGE_STANDARD = gnu99;
				GCC_DYNAMIC_NO_PIC = NO;
				GCC_OPTIMIZATION_LEVEL = 0;
				GCC_PREPROCESSOR_DEFINITIONS = (
					"DEBUG=1",
					"$(inherited)",
				);
				GCC_SYMBOLS_PRIVATE_EXTERN = NO;
				GCC_WARN_64_TO_32_BIT_CONVERSION = YES;
				GCC_WARN_ABOUT_RETURN_TYPE = YES_ERROR;
				GCC_WARN_UNDECLARED_SELECTOR = YES;
				GCC_WARN_UNINITIALIZED_AUTOS = YES_AGGRESSIVE;
				GCC_WARN_UNUSED_FUNCTION = YES;
				GCC_WARN_UNUSED_VARIABLE = YES;
				IPHONEOS_DEPLOYMENT_TARGET = 7.1;
				ONLY_ACTIVE_ARCH = YES;
				SDKROOT = iphoneos;
			};
			name = Debug;
		};
		62E84AF418EE293F000972BC /* Release */ = {
			isa = XCBuildConfiguration;
			buildSettings = {
				ALWAYS_SEARCH_USER_PATHS = NO;
				CLANG_CXX_LANGUAGE_STANDARD = "gnu++0x";
				CLANG_CXX_LIBRARY = "libc++";
				CLANG_ENABLE_MODULES = YES;
				CLANG_ENABLE_OBJC_ARC = YES;
				CLANG_WARN_BOOL_CONVERSION = YES;
				CLANG_WARN_CONSTANT_CONVERSION = YES;
				CLANG_WARN_DIRECT_OBJC_ISA_USAGE = YES_ERROR;
				CLANG_WARN_EMPTY_BODY = YES;
				CLANG_WARN_ENUM_CONVERSION = YES;
				CLANG_WARN_INT_CONVERSION = YES;
				CLANG_WARN_OBJC_ROOT_CLASS = YES_ERROR;
				CLANG_WARN__DUPLICATE_METHOD_MATCH = YES;
				"CODE_SIGN_IDENTITY[sdk=iphoneos*]" = "iPhone Developer";
				COPY_PHASE_STRIP = YES;
				ENABLE_NS_ASSERTIONS = NO;
				GCC_C_LANGUAGE_STANDARD = gnu99;
				GCC_WARN_64_TO_32_BIT_CONVERSION = YES;
				GCC_WARN_ABOUT_RETURN_TYPE = YES_ERROR;
				GCC_WARN_UNDECLARED_SELECTOR = YES;
				GCC_WARN_UNINITIALIZED_AUTOS = YES_AGGRESSIVE;
				GCC_WARN_UNUSED_FUNCTION = YES;
				GCC_WARN_UNUSED_VARIABLE = YES;
				IPHONEOS_DEPLOYMENT_TARGET = 7.1;
				SDKROOT = iphoneos;
				VALIDATE_PRODUCT = YES;
			};
			name = Release;
		};
		62E84AF618EE293F000972BC /* Debug */ = {
			isa = XCBuildConfiguration;
			buildSettings = {
				ASSETCATALOG_COMPILER_APPICON_NAME = AppIcon;
				ASSETCATALOG_COMPILER_LAUNCHIMAGE_NAME = LaunchImage;
				GCC_PRECOMPILE_PREFIX_HEADER = YES;
				GCC_PREFIX_HEADER = "Overdue/Overdue-Prefix.pch";
				INFOPLIST_FILE = "Overdue/Overdue-Info.plist";
				PRODUCT_NAME = "$(TARGET_NAME)";
				WRAPPER_EXTENSION = app;
			};
			name = Debug;
		};
		62E84AF718EE293F000972BC /* Release */ = {
			isa = XCBuildConfiguration;
			buildSettings = {
				ASSETCATALOG_COMPILER_APPICON_NAME = AppIcon;
				ASSETCATALOG_COMPILER_LAUNCHIMAGE_NAME = LaunchImage;
				GCC_PRECOMPILE_PREFIX_HEADER = YES;
				GCC_PREFIX_HEADER = "Overdue/Overdue-Prefix.pch";
				INFOPLIST_FILE = "Overdue/Overdue-Info.plist";
				PRODUCT_NAME = "$(TARGET_NAME)";
				WRAPPER_EXTENSION = app;
			};
			name = Release;
		};
		62E84AF918EE293F000972BC /* Debug */ = {
			isa = XCBuildConfiguration;
			buildSettings = {
				BUNDLE_LOADER = "$(BUILT_PRODUCTS_DIR)/Overdue.app/Overdue";
				FRAMEWORK_SEARCH_PATHS = (
					"$(SDKROOT)/Developer/Library/Frameworks",
					"$(inherited)",
					"$(DEVELOPER_FRAMEWORKS_DIR)",
				);
				GCC_PRECOMPILE_PREFIX_HEADER = YES;
				GCC_PREFIX_HEADER = "Overdue/Overdue-Prefix.pch";
				GCC_PREPROCESSOR_DEFINITIONS = (
					"DEBUG=1",
					"$(inherited)",
				);
				INFOPLIST_FILE = "OverdueTests/OverdueTests-Info.plist";
				PRODUCT_NAME = "$(TARGET_NAME)";
				TEST_HOST = "$(BUNDLE_LOADER)";
				WRAPPER_EXTENSION = xctest;
			};
			name = Debug;
		};
		62E84AFA18EE293F000972BC /* Release */ = {
			isa = XCBuildConfiguration;
			buildSettings = {
				BUNDLE_LOADER = "$(BUILT_PRODUCTS_DIR)/Overdue.app/Overdue";
				FRAMEWORK_SEARCH_PATHS = (
					"$(SDKROOT)/Developer/Library/Frameworks",
					"$(inherited)",
					"$(DEVELOPER_FRAMEWORKS_DIR)",
				);
				GCC_PRECOMPILE_PREFIX_HEADER = YES;
				GCC_PREFIX_HEADER = "Overdue/Overdue-Prefix.pch";
				INFOPLIST_FILE = "OverdueTests/OverdueTests-Info.plist";
				PRODUCT_NAME = "$(TARGET_NAME)";
				TEST_HOST = "$(BUNDLE_LOADER)";
				WRAPPER_EXTENSION = xctest;
			};
			name = Release;
		};
/* End XCBuildConfiguration section */

/* Begin XCConfigurationList section */
		62E84ABE18EE293D000972BC /* Build configuration list for PBXProject "Overdue" */ = {
			isa = XCConfigurationList;
			buildConfigurations = (
				62E84AF318EE293F000972BC /* Debug */,
				62E84AF418EE293F000972BC /* Release */,
			);
			defaultConfigurationIsVisible = 0;
			defaultConfigurationName = Release;
		};
		62E84AF518EE293F000972BC /* Build configuration list for PBXNativeTarget "Overdue" */ = {
			isa = XCConfigurationList;
			buildConfigurations = (
				62E84AF618EE293F000972BC /* Debug */,
				62E84AF718EE293F000972BC /* Release */,
			);
			defaultConfigurationIsVisible = 0;
		};
		62E84AF818EE293F000972BC /* Build configuration list for PBXNativeTarget "OverdueTests" */ = {
			isa = XCConfigurationList;
			buildConfigurations = (
				62E84AF918EE293F000972BC /* Debug */,
				62E84AFA18EE293F000972BC /* Release */,
			);
			defaultConfigurationIsVisible = 0;
		};
/* End XCConfigurationList section */
	};
	rootObject = 62E84ABB18EE293D000972BC /* Project object */;
}
